
Microsoft Visual Studio Solution File, Format Version 12.00
# Visual Studio Version 17
VisualStudioVersion = 17.9.34622.214
MinimumVisualStudioVersion = 10.0.40219.1
Project("{9A19103F-16F7-4668-BE54-9A1E7A4F7556}") = "SignalR.Web", "SignalR.Web\SignalR.Web.csproj", "{40CB2D86-DF95-41D6-B859-481BE4370BA9}"
EndProject
Project("{9A19103F-16F7-4668-BE54-9A1E7A4F7556}") = "SignalRClientConsoleApp", "SignalRClientConsoleApp\SignalRClientConsoleApp.csproj", "{151D0A30-3545-4E4D-B03B-8EFFAFBB864D}"
EndProject
Project("{FAE04EC0-301F-11D3-BF4B-00C04F79EFBC}") = "SignalRClientWorkerServiceApp", "SignalRClientWorkerServiceApp\SignalRClientWorkerServiceApp.csproj", "{BFBFABFC-6DC4-47A9-A517-4A8EAE95EC25}"
EndProject
Global
	GlobalSection(SolutionConfigurationPlatforms) = preSolution
		Debug|Any CPU = Debug|Any CPU
		Release|Any CPU = Release|Any CPU
	EndGlobalSection
	GlobalSection(ProjectConfigurationPlatforms) = postSolution
		{40CB2D86-DF95-41D6-B859-481BE4370BA9}.Debug|Any CPU.ActiveCfg = Debug|Any CPU
		{40CB2D86-DF95-41D6-B859-481BE4370BA9}.Debug|Any CPU.Build.0 = Debug|Any CPU
		{40CB2D86-DF95-41D6-B859-481BE4370BA9}.Release|Any CPU.ActiveCfg = Release|Any CPU
		{40CB2D86-DF95-41D6-B859-481BE4370BA9}.Release|Any CPU.Build.0 = Release|Any CPU
		{151D0A30-3545-4E4D-B03B-8EFFAFBB864D}.Debug|Any CPU.ActiveCfg = Debug|Any CPU
		{151D0A30-3545-4E4D-B03B-8EFFAFBB864D}.Debug|Any CPU.Build.0 = Debug|Any CPU
		{151D0A30-3545-4E4D-B03B-8EFFAFBB864D}.Release|Any CPU.ActiveCfg = Release|Any CPU
		{151D0A30-3545-4E4D-B03B-8EFFAFBB864D}.Release|Any CPU.Build.0 = Release|Any CPU
		{BFBFABFC-6DC4-47A9-A517-4A8EAE95EC25}.Debug|Any CPU.ActiveCfg = Debug|Any CPU
		{BFBFABFC-6DC4-47A9-A517-4A8EAE95EC25}.Debug|Any CPU.Build.0 = Debug|Any CPU
		{BFBFABFC-6DC4-47A9-A517-4A8EAE95EC25}.Release|Any CPU.ActiveCfg = Release|Any CPU
		{BFBFABFC-6DC4-47A9-A517-4A8EAE95EC25}.Release|Any CPU.Build.0 = Release|Any CPU
	EndGlobalSection
	GlobalSection(SolutionProperties) = preSolution
		HideSolutionNode = FALSE
	EndGlobalSection
	GlobalSection(ExtensibilityGlobals) = postSolution
		SolutionGuid = {D6930E41-FBF2-4BC7-890F-6E9066F4A9D3}
	EndGlobalSection
EndGlobal
